
Microsoft Visual Studio Solution File, Format Version 12.00
# Visual Studio 15
VisualStudioVersion = 15.0.27004.2010
MinimumVisualStudioVersion = 10.0.40219.1
Project("{E24C65DC-7377-472B-9ABA-BC803B73C61A}") = "Farm Consultants", ".", "{80A1D78B-B983-4211-9D73-2E473ACE1FF0}"
	ProjectSection(WebsiteProperties) = preProject
		TargetFrameworkMoniker = ".NETFramework,Version%3Dv4.0"
		Debug.AspNetCompiler.VirtualPath = "/localhost_56748"
		Debug.AspNetCompiler.PhysicalPath = "F:\sites\Farm Consultants\"
		Debug.AspNetCompiler.TargetPath = "PrecompiledWeb\localhost_56748\"
		Debug.AspNetCompiler.Updateable = "true"
		Debug.AspNetCompiler.ForceOverwrite = "true"
		Debug.AspNetCompiler.FixedNames = "false"
		Debug.AspNetCompiler.Debug = "True"
		Release.AspNetCompiler.VirtualPath = "/localhost_56748"
		Release.AspNetCompiler.PhysicalPath = "F:\sites\Farm Consultants\"
		Release.AspNetCompiler.TargetPath = "PrecompiledWeb\localhost_56748\"
		Release.AspNetCompiler.Updateable = "true"
		Release.AspNetCompiler.ForceOverwrite = "true"
		Release.AspNetCompiler.FixedNames = "false"
		Release.AspNetCompiler.Debug = "False"
		VWDPort = "56748"
	EndProjectSection
EndProject
Global
	GlobalSection(SolutionConfigurationPlatforms) = preSolution
		Debug|Any CPU = Debug|Any CPU
	EndGlobalSection
	GlobalSection(ProjectConfigurationPlatforms) = postSolution
		{80A1D78B-B983-4211-9D73-2E473ACE1FF0}.Debug|Any CPU.ActiveCfg = Debug|Any CPU
		{80A1D78B-B983-4211-9D73-2E473ACE1FF0}.Debug|Any CPU.Build.0 = Debug|Any CPU
	EndGlobalSection
	GlobalSection(SolutionProperties) = preSolution
		HideSolutionNode = FALSE
	EndGlobalSection
	GlobalSection(ExtensibilityGlobals) = postSolution
		SolutionGuid = {BD24B23F-C5E2-4AD9-824D-FDEB68373843}
	EndGlobalSection
EndGlobal
