
Microsoft Visual Studio Solution File, Format Version 12.00
# Visual Studio 15
VisualStudioVersion = 15.0.27130.2036
MinimumVisualStudioVersion = 10.0.40219.1
Project("{E24C65DC-7377-472B-9ABA-BC803B73C61A}") = "Online POS", ".", "{E849FC4C-6E47-4F69-8E12-EA9A0A871FFD}"
	ProjectSection(WebsiteProperties) = preProject
		TargetFrameworkMoniker = ".NETFramework,Version%3Dv4.0"
		Debug.AspNetCompiler.VirtualPath = "/localhost_56479"
		Debug.AspNetCompiler.PhysicalPath = "F:\sites\test\Online POS\"
		Debug.AspNetCompiler.TargetPath = "PrecompiledWeb\localhost_56479\"
		Debug.AspNetCompiler.Updateable = "true"
		Debug.AspNetCompiler.ForceOverwrite = "true"
		Debug.AspNetCompiler.FixedNames = "false"
		Debug.AspNetCompiler.Debug = "True"
		Release.AspNetCompiler.VirtualPath = "/localhost_56479"
		Release.AspNetCompiler.PhysicalPath = "F:\sites\test\Online POS\"
		Release.AspNetCompiler.TargetPath = "PrecompiledWeb\localhost_56479\"
		Release.AspNetCompiler.Updateable = "true"
		Release.AspNetCompiler.ForceOverwrite = "true"
		Release.AspNetCompiler.FixedNames = "false"
		Release.AspNetCompiler.Debug = "False"
		VWDPort = "56479"
	EndProjectSection
EndProject
Global
	GlobalSection(SolutionConfigurationPlatforms) = preSolution
		Debug|Any CPU = Debug|Any CPU
	EndGlobalSection
	GlobalSection(ProjectConfigurationPlatforms) = postSolution
		{E849FC4C-6E47-4F69-8E12-EA9A0A871FFD}.Debug|Any CPU.ActiveCfg = Debug|Any CPU
		{E849FC4C-6E47-4F69-8E12-EA9A0A871FFD}.Debug|Any CPU.Build.0 = Debug|Any CPU
	EndGlobalSection
	GlobalSection(SolutionProperties) = preSolution
		HideSolutionNode = FALSE
	EndGlobalSection
	GlobalSection(ExtensibilityGlobals) = postSolution
		SolutionGuid = {F4CE8CEF-717D-48BA-881F-45E45F0CA20F}
	EndGlobalSection
EndGlobal
