
Microsoft Visual Studio Solution File, Format Version 12.00
# Visual Studio 15
VisualStudioVersion = 15.0.26730.12
MinimumVisualStudioVersion = 10.0.40219.1
Project("{E24C65DC-7377-472B-9ABA-BC803B73C61A}") = "PreciseIT(2)", ".", "{7BAF2245-839D-4B15-9173-88D860CEB244}"
	ProjectSection(WebsiteProperties) = preProject
		TargetFrameworkMoniker = ".NETFramework,Version%3Dv4.0"
		Debug.AspNetCompiler.VirtualPath = "/localhost_65148"
		Debug.AspNetCompiler.PhysicalPath = "F:\sites\PreciseIT\"
		Debug.AspNetCompiler.TargetPath = "PrecompiledWeb\localhost_65148\"
		Debug.AspNetCompiler.Updateable = "true"
		Debug.AspNetCompiler.ForceOverwrite = "true"
		Debug.AspNetCompiler.FixedNames = "false"
		Debug.AspNetCompiler.Debug = "True"
		Release.AspNetCompiler.VirtualPath = "/localhost_65148"
		Release.AspNetCompiler.PhysicalPath = "F:\sites\PreciseIT\"
		Release.AspNetCompiler.TargetPath = "PrecompiledWeb\localhost_65148\"
		Release.AspNetCompiler.Updateable = "true"
		Release.AspNetCompiler.ForceOverwrite = "true"
		Release.AspNetCompiler.FixedNames = "false"
		Release.AspNetCompiler.Debug = "False"
		VWDPort = "65148"
	EndProjectSection
EndProject
Global
	GlobalSection(SolutionConfigurationPlatforms) = preSolution
		Debug|Any CPU = Debug|Any CPU
	EndGlobalSection
	GlobalSection(ProjectConfigurationPlatforms) = postSolution
		{7BAF2245-839D-4B15-9173-88D860CEB244}.Debug|Any CPU.ActiveCfg = Debug|Any CPU
		{7BAF2245-839D-4B15-9173-88D860CEB244}.Debug|Any CPU.Build.0 = Debug|Any CPU
	EndGlobalSection
	GlobalSection(SolutionProperties) = preSolution
		HideSolutionNode = FALSE
	EndGlobalSection
	GlobalSection(ExtensibilityGlobals) = postSolution
		SolutionGuid = {D819F099-7877-400D-B41F-E9A5F56ECF1F}
	EndGlobalSection
EndGlobal
